
Microsoft Visual Studio Solution File, Format Version 12.00
# Visual Studio Version 16
VisualStudioVersion = 16.0.29411.108
MinimumVisualStudioVersion = 10.0.40219.1
Project("{FAE04EC0-301F-11D3-BF4B-00C04F79EFBC}") = "SvodExcel", "SvodExcel.csproj", "{4095395D-6B2C-4A69-8658-B178C1ED5CD2}"
EndProject
Project("{54435603-DBB4-11D2-8724-00A0C9A8B90C}") = "Setup SvodExcel", "Setup SvodExcel\Setup SvodExcel.vdproj", "{8A768B70-3C82-4F14-993E-9DBBCD39869F}"
EndProject
Global
	GlobalSection(SolutionConfigurationPlatforms) = preSolution
		Debug|Any CPU = Debug|Any CPU
		Debug|x64 = Debug|x64
		Release|Any CPU = Release|Any CPU
		Release|x64 = Release|x64
	EndGlobalSection
	GlobalSection(ProjectConfigurationPlatforms) = postSolution
		{4095395D-6B2C-4A69-8658-B178C1ED5CD2}.Debug|Any CPU.ActiveCfg = Debug|Any CPU
		{4095395D-6B2C-4A69-8658-B178C1ED5CD2}.Debug|x64.ActiveCfg = Debug|x64
		{4095395D-6B2C-4A69-8658-B178C1ED5CD2}.Debug|x64.Build.0 = Debug|x64
		{4095395D-6B2C-4A69-8658-B178C1ED5CD2}.Release|Any CPU.ActiveCfg = Release|Any CPU
		{4095395D-6B2C-4A69-8658-B178C1ED5CD2}.Release|Any CPU.Build.0 = Release|Any CPU
		{4095395D-6B2C-4A69-8658-B178C1ED5CD2}.Release|x64.ActiveCfg = Release|x64
		{8A768B70-3C82-4F14-993E-9DBBCD39869F}.Debug|Any CPU.ActiveCfg = Debug
		{8A768B70-3C82-4F14-993E-9DBBCD39869F}.Debug|Any CPU.Build.0 = Debug
		{8A768B70-3C82-4F14-993E-9DBBCD39869F}.Debug|x64.ActiveCfg = Debug
		{8A768B70-3C82-4F14-993E-9DBBCD39869F}.Debug|x64.Build.0 = Debug
		{8A768B70-3C82-4F14-993E-9DBBCD39869F}.Release|Any CPU.ActiveCfg = Release
		{8A768B70-3C82-4F14-993E-9DBBCD39869F}.Release|Any CPU.Build.0 = Release
		{8A768B70-3C82-4F14-993E-9DBBCD39869F}.Release|x64.ActiveCfg = Release
		{8A768B70-3C82-4F14-993E-9DBBCD39869F}.Release|x64.Build.0 = Release
	EndGlobalSection
	GlobalSection(SolutionProperties) = preSolution
		HideSolutionNode = FALSE
	EndGlobalSection
	GlobalSection(ExtensibilityGlobals) = postSolution
		SolutionGuid = {DB99F046-122C-4DAE-AAA2-E1B15B2568B2}
	EndGlobalSection
EndGlobal
