
Microsoft Visual Studio Solution File, Format Version 12.00
# Visual Studio Version 16
VisualStudioVersion = 16.0.29411.108
MinimumVisualStudioVersion = 10.0.40219.1
Project("{FAE04EC0-301F-11D3-BF4B-00C04F79EFBC}") = "SvodExcel", "SvodExcel.csproj", "{4095395D-6B2C-4A69-8658-B178C1ED5CD2}"
EndProject
Project("{54435603-DBB4-11D2-8724-00A0C9A8B90C}") = "Setup SvodExcel", "..\Setup SvodExcel\Setup SvodExcel.vdproj", "{60CDA37F-D523-4EAB-B714-6C205B72CE9B}"
EndProject
Global
	GlobalSection(SolutionConfigurationPlatforms) = preSolution
		Debug|Any CPU = Debug|Any CPU
		Release|Any CPU = Release|Any CPU
	EndGlobalSection
	GlobalSection(ProjectConfigurationPlatforms) = postSolution
		{4095395D-6B2C-4A69-8658-B178C1ED5CD2}.Debug|Any CPU.ActiveCfg = Debug|Any CPU
		{4095395D-6B2C-4A69-8658-B178C1ED5CD2}.Debug|Any CPU.Build.0 = Debug|Any CPU
		{4095395D-6B2C-4A69-8658-B178C1ED5CD2}.Release|Any CPU.ActiveCfg = Release|Any CPU
		{4095395D-6B2C-4A69-8658-B178C1ED5CD2}.Release|Any CPU.Build.0 = Release|Any CPU
		{60CDA37F-D523-4EAB-B714-6C205B72CE9B}.Debug|Any CPU.ActiveCfg = Debug
		{60CDA37F-D523-4EAB-B714-6C205B72CE9B}.Release|Any CPU.ActiveCfg = Release
	EndGlobalSection
	GlobalSection(SolutionProperties) = preSolution
		HideSolutionNode = FALSE
	EndGlobalSection
	GlobalSection(ExtensibilityGlobals) = postSolution
		SolutionGuid = {DB99F046-122C-4DAE-AAA2-E1B15B2568B2}
	EndGlobalSection
EndGlobal
